
Microsoft Visual Studio Solution File, Format Version 12.00
# Visual Studio Version 17
VisualStudioVersion = 17.8.34322.80
MinimumVisualStudioVersion = 10.0.40219.1
Project("{FAE04EC0-301F-11D3-BF4B-00C04F79EFBC}") = "ADO.NET.Course2024.FinalWork", "ADO.NET.Course2024.FinalWork.csproj", "{02AF3B62-4CF9-4D04-9951-290164800ED4}"
EndProject
Global
	GlobalSection(SolutionConfigurationPlatforms) = preSolution
		Debug|Any CPU = Debug|Any CPU
		Release|Any CPU = Release|Any CPU
	EndGlobalSection
	GlobalSection(ProjectConfigurationPlatforms) = postSolution
		{02AF3B62-4CF9-4D04-9951-290164800ED4}.Debug|Any CPU.ActiveCfg = Debug|Any CPU
		{02AF3B62-4CF9-4D04-9951-290164800ED4}.Debug|Any CPU.Build.0 = Debug|Any CPU
		{02AF3B62-4CF9-4D04-9951-290164800ED4}.Release|Any CPU.ActiveCfg = Release|Any CPU
		{02AF3B62-4CF9-4D04-9951-290164800ED4}.Release|Any CPU.Build.0 = Release|Any CPU
	EndGlobalSection
	GlobalSection(SolutionProperties) = preSolution
		HideSolutionNode = FALSE
	EndGlobalSection
	GlobalSection(ExtensibilityGlobals) = postSolution
		SolutionGuid = {A95683C6-5844-4780-96CE-407F7F15EE62}
	EndGlobalSection
EndGlobal
